// !$*UTF8*$!
{
	archiveVersion = 1;
	classes = {
	};
	objectVersion = 46;
	objects = {

/* Begin PBXBuildFile section */
		3E0601331F9F704500CBCDA3 /* AppDelegate.swift in Sources */ = {isa = PBXBuildFile; fileRef = 3E0601321F9F704500CBCDA3 /* AppDelegate.swift */; };
		3E0601381F9F704500CBCDA3 /* Main.storyboard in Resources */ = {isa = PBXBuildFile; fileRef = 3E0601361F9F704500CBCDA3 /* Main.storyboard */; };
		3E06013A1F9F704500CBCDA3 /* Assets.xcassets in Resources */ = {isa = PBXBuildFile; fileRef = 3E0601391F9F704500CBCDA3 /* Assets.xcassets */; };
		3E06013D1F9F704500CBCDA3 /* LaunchScreen.storyboard in Resources */ = {isa = PBXBuildFile; fileRef = 3E06013B1F9F704500CBCDA3 /* LaunchScreen.storyboard */; };
		3E0601451FA04E3700CBCDA3 /* ConversionViewController.swift in Sources */ = {isa = PBXBuildFile; fileRef = 3E0601441FA04E3700CBCDA3 /* ConversionViewController.swift */; };
		3E7BD12B1FA0B42D001195A9 /* WebViewController.swift in Sources */ = {isa = PBXBuildFile; fileRef = 3E7BD12A1FA0B42D001195A9 /* WebViewController.swift */; };
		3EB6AF741FA0795900D8C396 /* MapKit.framework in Frameworks */ = {isa = PBXBuildFile; fileRef = 3EB6AF731FA0795900D8C396 /* MapKit.framework */; };
		3EB6AF761FA07F4700D8C396 /* MapViewController.swift in Sources */ = {isa = PBXBuildFile; fileRef = 3EB6AF751FA07F4700D8C396 /* MapViewController.swift */; };
/* End PBXBuildFile section */

/* Begin PBXFileReference section */
		3E06012F1F9F704500CBCDA3 /* WorldTrotter.app */ = {isa = PBXFileReference; explicitFileType = wrapper.application; includeInIndex = 0; path = WorldTrotter.app; sourceTree = BUILT_PRODUCTS_DIR; };
		3E0601321F9F704500CBCDA3 /* AppDelegate.swift */ = {isa = PBXFileReference; lastKnownFileType = sourcecode.swift; path = AppDelegate.swift; sourceTree = "<group>"; };
		3E0601371F9F704500CBCDA3 /* Base */ = {isa = PBXFileReference; lastKnownFileType = file.storyboard; name = Base; path = Base.lproj/Main.storyboard; sourceTree = "<group>"; };
		3E0601391F9F704500CBCDA3 /* Assets.xcassets */ = {isa = PBXFileReference; lastKnownFileType = folder.assetcatalog; path = Assets.xcassets; sourceTree = "<group>"; };
		3E06013C1F9F704500CBCDA3 /* Base */ = {isa = PBXFileReference; lastKnownFileType = file.storyboard; name = Base; path = Base.lproj/LaunchScreen.storyboard; sourceTree = "<group>"; };
		3E06013E1F9F704500CBCDA3 /* Info.plist */ = {isa = PBXFileReference; lastKnownFileType = text.plist.xml; path = Info.plist; sourceTree = "<group>"; };
		3E0601441FA04E3700CBCDA3 /* ConversionViewController.swift */ = {isa = PBXFileReference; fileEncoding = 4; lastKnownFileType = sourcecode.swift; name = ConversionViewController.swift; path = ../ConversionViewController.swift; sourceTree = "<group>"; };
		3E7BD12A1FA0B42D001195A9 /* WebViewController.swift */ = {isa = PBXFileReference; fileEncoding = 4; lastKnownFileType = sourcecode.swift; path = WebViewController.swift; sourceTree = "<group>"; };
		3E7BD12C1FA0C07D001195A9 /* CoreLocation.framework */ = {isa = PBXFileReference; lastKnownFileType = wrapper.framework; name = CoreLocation.framework; path = System/Library/Frameworks/CoreLocation.framework; sourceTree = SDKROOT; };
		3EB6AF731FA0795900D8C396 /* MapKit.framework */ = {isa = PBXFileReference; lastKnownFileType = wrapper.framework; name = MapKit.framework; path = System/Library/Frameworks/MapKit.framework; sourceTree = SDKROOT; };
		3EB6AF751FA07F4700D8C396 /* MapViewController.swift */ = {isa = PBXFileReference; fileEncoding = 4; lastKnownFileType = sourcecode.swift; path = MapViewController.swift; sourceTree = "<group>"; };
/* End PBXFileReference section */

/* Begin PBXFrameworksBuildPhase section */
		3E06012C1F9F704500CBCDA3 /* Frameworks */ = {
			isa = PBXFrameworksBuildPhase;
			buildActionMask = 2147483647;
			files = (
				3EB6AF741FA0795900D8C396 /* MapKit.framework in Frameworks */,
			);
			runOnlyForDeploymentPostprocessing = 0;
		};
/* End PBXFrameworksBuildPhase section */

/* Begin PBXGroup section */
		3E0601261F9F704500CBCDA3 = {
			isa = PBXGroup;
			children = (
				3E0601311F9F704500CBCDA3 /* WorldTrotter */,
				3E0601301F9F704500CBCDA3 /* Products */,
				3EB6AF721FA0795900D8C396 /* Frameworks */,
			);
			sourceTree = "<group>";
		};
		3E0601301F9F704500CBCDA3 /* Products */ = {
			isa = PBXGroup;
			children = (
				3E06012F1F9F704500CBCDA3 /* WorldTrotter.app */,
			);
			name = Products;
			sourceTree = "<group>";
		};
		3E0601311F9F704500CBCDA3 /* WorldTrotter */ = {
			isa = PBXGroup;
			children = (
				3E0601441FA04E3700CBCDA3 /* ConversionViewController.swift */,
				3E0601321F9F704500CBCDA3 /* AppDelegate.swift */,
				3E0601361F9F704500CBCDA3 /* Main.storyboard */,
				3E7BD12A1FA0B42D001195A9 /* WebViewController.swift */,
				3EB6AF751FA07F4700D8C396 /* MapViewController.swift */,
				3E0601391F9F704500CBCDA3 /* Assets.xcassets */,
				3E06013B1F9F704500CBCDA3 /* LaunchScreen.storyboard */,
				3E06013E1F9F704500CBCDA3 /* Info.plist */,
			);
			path = WorldTrotter;
			sourceTree = "<group>";
		};
		3EB6AF721FA0795900D8C396 /* Frameworks */ = {
			isa = PBXGroup;
			children = (
				3E7BD12C1FA0C07D001195A9 /* CoreLocation.framework */,
				3EB6AF731FA0795900D8C396 /* MapKit.framework */,
			);
			name = Frameworks;
			sourceTree = "<group>";
		};
/* End PBXGroup section */

/* Begin PBXNativeTarget section */
		3E06012E1F9F704500CBCDA3 /* WorldTrotter */ = {
			isa = PBXNativeTarget;
			buildConfigurationList = 3E0601411F9F704500CBCDA3 /* Build configuration list for PBXNativeTarget "WorldTrotter" */;
			buildPhases = (
				3E06012B1F9F704500CBCDA3 /* Sources */,
				3E06012C1F9F704500CBCDA3 /* Frameworks */,
				3E06012D1F9F704500CBCDA3 /* Resources */,
			);
			buildRules = (
			);
			dependencies = (
			);
			name = WorldTrotter;
			productName = WorldTrotter;
			productReference = 3E06012F1F9F704500CBCDA3 /* WorldTrotter.app */;
			productType = "com.apple.product-type.application";
		};
/* End PBXNativeTarget section */

/* Begin PBXProject section */
		3E0601271F9F704500CBCDA3 /* Project object */ = {
			isa = PBXProject;
			attributes = {
				LastSwiftUpdateCheck = 0820;
				LastUpgradeCheck = 0820;
				ORGANIZATIONNAME = "Kim,Yejin";
				TargetAttributes = {
					3E06012E1F9F704500CBCDA3 = {
						CreatedOnToolsVersion = 8.2.1;
						ProvisioningStyle = Automatic;
					};
				};
			};
			buildConfigurationList = 3E06012A1F9F704500CBCDA3 /* Build configuration list for PBXProject "WorldTrotter" */;
			compatibilityVersion = "Xcode 3.2";
			developmentRegion = English;
			hasScannedForEncodings = 0;
			knownRegions = (
				en,
				Base,
			);
			mainGroup = 3E0601261F9F704500CBCDA3;
			productRefGroup = 3E0601301F9F704500CBCDA3 /* Products */;
			projectDirPath = "";
			projectRoot = "";
			targets = (
				3E06012E1F9F704500CBCDA3 /* WorldTrotter */,
			);
		};
/* End PBXProject section */

/* Begin PBXResourcesBuildPhase section */
		3E06012D1F9F704500CBCDA3 /* Resources */ = {
			isa = PBXResourcesBuildPhase;
			buildActionMask = 2147483647;
			files = (
				3E06013D1F9F704500CBCDA3 /* LaunchScreen.storyboard in Resources */,
				3E06013A1F9F704500CBCDA3 /* Assets.xcassets in Resources */,
				3E0601381F9F704500CBCDA3 /* Main.storyboard in Resources */,
			);
			runOnlyForDeploymentPostprocessing = 0;
		};
/* End PBXResourcesBuildPhase section */

/* Begin PBXSourcesBuildPhase section */
		3E06012B1F9F704500CBCDA3 /* Sources */ = {
			isa = PBXSourcesBuildPhase;
			buildActionMask = 2147483647;
			files = (
				3E0601451FA04E3700CBCDA3 /* ConversionViewController.swift in Sources */,
				3EB6AF761FA07F4700D8C396 /* MapViewController.swift in Sources */,
				3E0601331F9F704500CBCDA3 /* AppDelegate.swift in Sources */,
				3E7BD12B1FA0B42D001195A9 /* WebViewController.swift in Sources */,
			);
			runOnlyForDeploymentPostprocessing = 0;
		};
/* End PBXSourcesBuildPhase section */

/* Begin PBXVariantGroup section */
		3E0601361F9F704500CBCDA3 /* Main.storyboard */ = {
			isa = PBXVariantGroup;
			children = (
				3E0601371F9F704500CBCDA3 /* Base */,
			);
			name = Main.storyboard;
			sourceTree = "<group>";
		};
		3E06013B1F9F704500CBCDA3 /* LaunchScreen.storyboard */ = {
			isa = PBXVariantGroup;
			children = (
				3E06013C1F9F704500CBCDA3 /* Base */,
			);
			name = LaunchScreen.storyboard;
			sourceTree = "<group>";
		};
/* End PBXVariantGroup section */

/* Begin XCBuildConfiguration section */
		3E06013F1F9F704500CBCDA3 /* Debug */ = {
			isa = XCBuildConfiguration;
			buildSettings = {
				ALWAYS_SEARCH_USER_PATHS = NO;
				CLANG_ANALYZER_NONNULL = YES;
				CLANG_CXX_LANGUAGE_STANDARD = "gnu++0x";
				CLANG_CXX_LIBRARY = "libc++";
				CLANG_ENABLE_MODULES = YES;
				CLANG_ENABLE_OBJC_ARC = YES;
				CLANG_WARN_BOOL_CONVERSION = YES;
				CLANG_WARN_CONSTANT_CONVERSION = YES;
				CLANG_WARN_DIRECT_OBJC_ISA_USAGE = YES_ERROR;
				CLANG_WARN_DOCUMENTATION_COMMENTS = YES;
				CLANG_WARN_EMPTY_BODY = YES;
				CLANG_WARN_ENUM_CONVERSION = YES;
				CLANG_WARN_INFINITE_RECURSION = YES;
				CLANG_WARN_INT_CONVERSION = YES;
				CLANG_WARN_OBJC_ROOT_CLASS = YES_ERROR;
				CLANG_WARN_SUSPICIOUS_MOVE = YES;
				CLANG_WARN_UNREACHABLE_CODE = YES;
				CLANG_WARN__DUPLICATE_METHOD_MATCH = YES;
				"CODE_SIGN_IDENTITY[sdk=iphoneos*]" = "iPhone Developer";
				COPY_PHASE_STRIP = NO;
				DEBUG_INFORMATION_FORMAT = dwarf;
				ENABLE_STRICT_OBJC_MSGSEND = YES;
				ENABLE_TESTABILITY = YES;
				GCC_C_LANGUAGE_STANDARD = gnu99;
				GCC_DYNAMIC_NO_PIC = NO;
				GCC_NO_COMMON_BLOCKS = YES;
				GCC_OPTIMIZATION_LEVEL = 0;
				GCC_PREPROCESSOR_DEFINITIONS = (
					"DEBUG=1",
					"$(inherited)",
				);
				GCC_WARN_64_TO_32_BIT_CONVERSION = YES;
				GCC_WARN_ABOUT_RETURN_TYPE = YES_ERROR;
				GCC_WARN_UNDECLARED_SELECTOR = YES;
				GCC_WARN_UNINITIALIZED_AUTOS = YES_AGGRESSIVE;
				GCC_WARN_UNUSED_FUNCTION = YES;
				GCC_WARN_UNUSED_VARIABLE = YES;
				IPHONEOS_DEPLOYMENT_TARGET = 10.2;
				MTL_ENABLE_DEBUG_INFO = YES;
				ONLY_ACTIVE_ARCH = YES;
				SDKROOT = iphoneos;
				SWIFT_ACTIVE_COMPILATION_CONDITIONS = DEBUG;
				SWIFT_OPTIMIZATION_LEVEL = "-Onone";
			};
			name = Debug;
		};
		3E0601401F9F704500CBCDA3 /* Release */ = {
			isa = XCBuildConfiguration;
			buildSettings = {
				ALWAYS_SEARCH_USER_PATHS = NO;
				CLANG_ANALYZER_NONNULL = YES;
				CLANG_CXX_LANGUAGE_STANDARD = "gnu++0x";
				CLANG_CXX_LIBRARY = "libc++";
				CLANG_ENABLE_MODULES = YES;
				CLANG_ENABLE_OBJC_ARC = YES;
				CLANG_WARN_BOOL_CONVERSION = YES;
				CLANG_WARN_CONSTANT_CONVERSION = YES;
				CLANG_WARN_DIRECT_OBJC_ISA_USAGE = YES_ERROR;
				CLANG_WARN_DOCUMENTATION_COMMENTS = YES;
				CLANG_WARN_EMPTY_BODY = YES;
				CLANG_WARN_ENUM_CONVERSION = YES;
				CLANG_WARN_INFINITE_RECURSION = YES;
				CLANG_WARN_INT_CONVERSION = YES;
				CLANG_WARN_OBJC_ROOT_CLASS = YES_ERROR;
				CLANG_WARN_SUSPICIOUS_MOVE = YES;
				CLANG_WARN_UNREACHABLE_CODE = YES;
				CLANG_WARN__DUPLICATE_METHOD_MATCH = YES;
				"CODE_SIGN_IDENTITY[sdk=iphoneos*]" = "iPhone Developer";
				COPY_PHASE_STRIP = NO;
				DEBUG_INFORMATION_FORMAT = "dwarf-with-dsym";
				ENABLE_NS_ASSERTIONS = NO;
				ENABLE_STRICT_OBJC_MSGSEND = YES;
				GCC_C_LANGUAGE_STANDARD = gnu99;
				GCC_NO_COMMON_BLOCKS = YES;
				GCC_WARN_64_TO_32_BIT_CONVERSION = YES;
				GCC_WARN_ABOUT_RETURN_TYPE = YES_ERROR;
				GCC_WARN_UNDECLARED_SELECTOR = YES;
				GCC_WARN_UNINITIALIZED_AUTOS = YES_AGGRESSIVE;
				GCC_WARN_UNUSED_FUNCTION = YES;
				GCC_WARN_UNUSED_VARIABLE = YES;
				IPHONEOS_DEPLOYMENT_TARGET = 10.2;
				MTL_ENABLE_DEBUG_INFO = NO;
				SDKROOT = iphoneos;
				SWIFT_OPTIMIZATION_LEVEL = "-Owholemodule";
				VALIDATE_PRODUCT = YES;
			};
			name = Release;
		};
		3E0601421F9F704500CBCDA3 /* Debug */ = {
			isa = XCBuildConfiguration;
			buildSettings = {
				ASSETCATALOG_COMPILER_APPICON_NAME = AppIcon;
				INFOPLIST_FILE = WorldTrotter/Info.plist;
				LD_RUNPATH_SEARCH_PATHS = "$(inherited) @executable_path/Frameworks";
				PRODUCT_BUNDLE_IDENTIFIER = com.example.WorldTrotter;
				PRODUCT_NAME = "$(TARGET_NAME)";
				SWIFT_VERSION = 3.0;
			};
			name = Debug;
		};
		3E0601431F9F704500CBCDA3 /* Release */ = {
			isa = XCBuildConfiguration;
			buildSettings = {
				ASSETCATALOG_COMPILER_APPICON_NAME = AppIcon;
				INFOPLIST_FILE = WorldTrotter/Info.plist;
				LD_RUNPATH_SEARCH_PATHS = "$(inherited) @executable_path/Frameworks";
				PRODUCT_BUNDLE_IDENTIFIER = com.example.WorldTrotter;
				PRODUCT_NAME = "$(TARGET_NAME)";
				SWIFT_VERSION = 3.0;
			};
			name = Release;
		};
/* End XCBuildConfiguration section */

/* Begin XCConfigurationList section */
		3E06012A1F9F704500CBCDA3 /* Build configuration list for PBXProject "WorldTrotter" */ = {
			isa = XCConfigurationList;
			buildConfigurations = (
				3E06013F1F9F704500CBCDA3 /* Debug */,
				3E0601401F9F704500CBCDA3 /* Release */,
			);
			defaultConfigurationIsVisible = 0;
			defaultConfigurationName = Release;
		};
		3E0601411F9F704500CBCDA3 /* Build configuration list for PBXNativeTarget "WorldTrotter" */ = {
			isa = XCConfigurationList;
			buildConfigurations = (
				3E0601421F9F704500CBCDA3 /* Debug */,
				3E0601431F9F704500CBCDA3 /* Release */,
			);
			defaultConfigurationIsVisible = 0;
			defaultConfigurationName = Release;
		};
/* End XCConfigurationList section */
	};
	rootObject = 3E0601271F9F704500CBCDA3 /* Project object */;
}
