// !$*UTF8*$!
{
	archiveVersion = 1;
	classes = {
	};
	objectVersion = 46;
	objects = {

/* Begin PBXBuildFile section */
		3E15726C1FBC6F2500678B36 /* HistoryViewController.swift in Sources */ = {isa = PBXBuildFile; fileRef = 3E15726B1FBC6F2500678B36 /* HistoryViewController.swift */; };
		3E15726E1FBC71FA00678B36 /* DetailLogViewController.swift in Sources */ = {isa = PBXBuildFile; fileRef = 3E15726D1FBC71FA00678B36 /* DetailLogViewController.swift */; };
		3E5676D51F7C0C7500F01BBB /* CalculatorBrain.swift in Sources */ = {isa = PBXBuildFile; fileRef = 3E5676D41F7C0C7500F01BBB /* CalculatorBrain.swift */; };
		3EDC8DBC1F77A08000D0670D /* AppDelegate.swift in Sources */ = {isa = PBXBuildFile; fileRef = 3EDC8DBB1F77A08000D0670D /* AppDelegate.swift */; };
		3EDC8DBE1F77A08000D0670D /* ViewController.swift in Sources */ = {isa = PBXBuildFile; fileRef = 3EDC8DBD1F77A08000D0670D /* ViewController.swift */; };
		3EDC8DC11F77A08000D0670D /* Main.storyboard in Resources */ = {isa = PBXBuildFile; fileRef = 3EDC8DBF1F77A08000D0670D /* Main.storyboard */; };
		3EDC8DC31F77A08000D0670D /* Assets.xcassets in Resources */ = {isa = PBXBuildFile; fileRef = 3EDC8DC21F77A08000D0670D /* Assets.xcassets */; };
		3EDC8DC61F77A08000D0670D /* LaunchScreen.storyboard in Resources */ = {isa = PBXBuildFile; fileRef = 3EDC8DC41F77A08000D0670D /* LaunchScreen.storyboard */; };
/* End PBXBuildFile section */

/* Begin PBXFileReference section */
		3E15726B1FBC6F2500678B36 /* HistoryViewController.swift */ = {isa = PBXFileReference; fileEncoding = 4; lastKnownFileType = sourcecode.swift; path = HistoryViewController.swift; sourceTree = "<group>"; };
		3E15726D1FBC71FA00678B36 /* DetailLogViewController.swift */ = {isa = PBXFileReference; fileEncoding = 4; lastKnownFileType = sourcecode.swift; path = DetailLogViewController.swift; sourceTree = "<group>"; };
		3E5676D41F7C0C7500F01BBB /* CalculatorBrain.swift */ = {isa = PBXFileReference; fileEncoding = 4; lastKnownFileType = sourcecode.swift; path = CalculatorBrain.swift; sourceTree = "<group>"; };
		3EDC8DB81F77A08000D0670D /* Cal.app */ = {isa = PBXFileReference; explicitFileType = wrapper.application; includeInIndex = 0; path = Cal.app; sourceTree = BUILT_PRODUCTS_DIR; };
		3EDC8DBB1F77A08000D0670D /* AppDelegate.swift */ = {isa = PBXFileReference; lastKnownFileType = sourcecode.swift; path = AppDelegate.swift; sourceTree = "<group>"; };
		3EDC8DBD1F77A08000D0670D /* ViewController.swift */ = {isa = PBXFileReference; lastKnownFileType = sourcecode.swift; path = ViewController.swift; sourceTree = "<group>"; };
		3EDC8DC01F77A08000D0670D /* Base */ = {isa = PBXFileReference; lastKnownFileType = file.storyboard; name = Base; path = Base.lproj/Main.storyboard; sourceTree = "<group>"; };
		3EDC8DC21F77A08000D0670D /* Assets.xcassets */ = {isa = PBXFileReference; lastKnownFileType = folder.assetcatalog; path = Assets.xcassets; sourceTree = "<group>"; };
		3EDC8DC51F77A08000D0670D /* Base */ = {isa = PBXFileReference; lastKnownFileType = file.storyboard; name = Base; path = Base.lproj/LaunchScreen.storyboard; sourceTree = "<group>"; };
		3EDC8DC71F77A08000D0670D /* Info.plist */ = {isa = PBXFileReference; lastKnownFileType = text.plist.xml; path = Info.plist; sourceTree = "<group>"; };
/* End PBXFileReference section */

/* Begin PBXFrameworksBuildPhase section */
		3EDC8DB51F77A07F00D0670D /* Frameworks */ = {
			isa = PBXFrameworksBuildPhase;
			buildActionMask = 2147483647;
			files = (
			);
			runOnlyForDeploymentPostprocessing = 0;
		};
/* End PBXFrameworksBuildPhase section */

/* Begin PBXGroup section */
		3EDC8DAF1F77A07F00D0670D = {
			isa = PBXGroup;
			children = (
				3EDC8DBA1F77A08000D0670D /* Cal */,
				3EDC8DB91F77A08000D0670D /* Products */,
			);
			sourceTree = "<group>";
		};
		3EDC8DB91F77A08000D0670D /* Products */ = {
			isa = PBXGroup;
			children = (
				3EDC8DB81F77A08000D0670D /* Cal.app */,
			);
			name = Products;
			sourceTree = "<group>";
		};
		3EDC8DBA1F77A08000D0670D /* Cal */ = {
			isa = PBXGroup;
			children = (
				3E5676D41F7C0C7500F01BBB /* CalculatorBrain.swift */,
				3EDC8DBB1F77A08000D0670D /* AppDelegate.swift */,
				3EDC8DBD1F77A08000D0670D /* ViewController.swift */,
				3EDC8DBF1F77A08000D0670D /* Main.storyboard */,
				3E15726D1FBC71FA00678B36 /* DetailLogViewController.swift */,
				3E15726B1FBC6F2500678B36 /* HistoryViewController.swift */,
				3EDC8DC21F77A08000D0670D /* Assets.xcassets */,
				3EDC8DC41F77A08000D0670D /* LaunchScreen.storyboard */,
				3EDC8DC71F77A08000D0670D /* Info.plist */,
			);
			path = Cal;
			sourceTree = "<group>";
		};
/* End PBXGroup section */

/* Begin PBXNativeTarget section */
		3EDC8DB71F77A07F00D0670D /* Cal */ = {
			isa = PBXNativeTarget;
			buildConfigurationList = 3EDC8DCA1F77A08000D0670D /* Build configuration list for PBXNativeTarget "Cal" */;
			buildPhases = (
				3EDC8DB41F77A07F00D0670D /* Sources */,
				3EDC8DB51F77A07F00D0670D /* Frameworks */,
				3EDC8DB61F77A07F00D0670D /* Resources */,
			);
			buildRules = (
			);
			dependencies = (
			);
			name = Cal;
			productName = Cal;
			productReference = 3EDC8DB81F77A08000D0670D /* Cal.app */;
			productType = "com.apple.product-type.application";
		};
/* End PBXNativeTarget section */

/* Begin PBXProject section */
		3EDC8DB01F77A07F00D0670D /* Project object */ = {
			isa = PBXProject;
			attributes = {
				LastSwiftUpdateCheck = 0820;
				LastUpgradeCheck = 0820;
				ORGANIZATIONNAME = "Kim,Yejin";
				TargetAttributes = {
					3EDC8DB71F77A07F00D0670D = {
						CreatedOnToolsVersion = 8.2.1;
						ProvisioningStyle = Automatic;
					};
				};
			};
			buildConfigurationList = 3EDC8DB31F77A07F00D0670D /* Build configuration list for PBXProject "Cal" */;
			compatibilityVersion = "Xcode 3.2";
			developmentRegion = English;
			hasScannedForEncodings = 0;
			knownRegions = (
				en,
				Base,
			);
			mainGroup = 3EDC8DAF1F77A07F00D0670D;
			productRefGroup = 3EDC8DB91F77A08000D0670D /* Products */;
			projectDirPath = "";
			projectRoot = "";
			targets = (
				3EDC8DB71F77A07F00D0670D /* Cal */,
			);
		};
/* End PBXProject section */

/* Begin PBXResourcesBuildPhase section */
		3EDC8DB61F77A07F00D0670D /* Resources */ = {
			isa = PBXResourcesBuildPhase;
			buildActionMask = 2147483647;
			files = (
				3EDC8DC61F77A08000D0670D /* LaunchScreen.storyboard in Resources */,
				3EDC8DC31F77A08000D0670D /* Assets.xcassets in Resources */,
				3EDC8DC11F77A08000D0670D /* Main.storyboard in Resources */,
			);
			runOnlyForDeploymentPostprocessing = 0;
		};
/* End PBXResourcesBuildPhase section */

/* Begin PBXSourcesBuildPhase section */
		3EDC8DB41F77A07F00D0670D /* Sources */ = {
			isa = PBXSourcesBuildPhase;
			buildActionMask = 2147483647;
			files = (
				3E15726E1FBC71FA00678B36 /* DetailLogViewController.swift in Sources */,
				3EDC8DBE1F77A08000D0670D /* ViewController.swift in Sources */,
				3E5676D51F7C0C7500F01BBB /* CalculatorBrain.swift in Sources */,
				3EDC8DBC1F77A08000D0670D /* AppDelegate.swift in Sources */,
				3E15726C1FBC6F2500678B36 /* HistoryViewController.swift in Sources */,
			);
			runOnlyForDeploymentPostprocessing = 0;
		};
/* End PBXSourcesBuildPhase section */

/* Begin PBXVariantGroup section */
		3EDC8DBF1F77A08000D0670D /* Main.storyboard */ = {
			isa = PBXVariantGroup;
			children = (
				3EDC8DC01F77A08000D0670D /* Base */,
			);
			name = Main.storyboard;
			sourceTree = "<group>";
		};
		3EDC8DC41F77A08000D0670D /* LaunchScreen.storyboard */ = {
			isa = PBXVariantGroup;
			children = (
				3EDC8DC51F77A08000D0670D /* Base */,
			);
			name = LaunchScreen.storyboard;
			sourceTree = "<group>";
		};
/* End PBXVariantGroup section */

/* Begin XCBuildConfiguration section */
		3EDC8DC81F77A08000D0670D /* Debug */ = {
			isa = XCBuildConfiguration;
			buildSettings = {
				ALWAYS_SEARCH_USER_PATHS = NO;
				CLANG_ANALYZER_NONNULL = YES;
				CLANG_CXX_LANGUAGE_STANDARD = "gnu++0x";
				CLANG_CXX_LIBRARY = "libc++";
				CLANG_ENABLE_MODULES = YES;
				CLANG_ENABLE_OBJC_ARC = YES;
				CLANG_WARN_BOOL_CONVERSION = YES;
				CLANG_WARN_CONSTANT_CONVERSION = YES;
				CLANG_WARN_DIRECT_OBJC_ISA_USAGE = YES_ERROR;
				CLANG_WARN_DOCUMENTATION_COMMENTS = YES;
				CLANG_WARN_EMPTY_BODY = YES;
				CLANG_WARN_ENUM_CONVERSION = YES;
				CLANG_WARN_INFINITE_RECURSION = YES;
				CLANG_WARN_INT_CONVERSION = YES;
				CLANG_WARN_OBJC_ROOT_CLASS = YES_ERROR;
				CLANG_WARN_SUSPICIOUS_MOVE = YES;
				CLANG_WARN_UNREACHABLE_CODE = YES;
				CLANG_WARN__DUPLICATE_METHOD_MATCH = YES;
				"CODE_SIGN_IDENTITY[sdk=iphoneos*]" = "iPhone Developer";
				COPY_PHASE_STRIP = NO;
				DEBUG_INFORMATION_FORMAT = dwarf;
				ENABLE_STRICT_OBJC_MSGSEND = YES;
				ENABLE_TESTABILITY = YES;
				GCC_C_LANGUAGE_STANDARD = gnu99;
				GCC_DYNAMIC_NO_PIC = NO;
				GCC_NO_COMMON_BLOCKS = YES;
				GCC_OPTIMIZATION_LEVEL = 0;
				GCC_PREPROCESSOR_DEFINITIONS = (
					"DEBUG=1",
					"$(inherited)",
				);
				GCC_WARN_64_TO_32_BIT_CONVERSION = YES;
				GCC_WARN_ABOUT_RETURN_TYPE = YES_ERROR;
				GCC_WARN_UNDECLARED_SELECTOR = YES;
				GCC_WARN_UNINITIALIZED_AUTOS = YES_AGGRESSIVE;
				GCC_WARN_UNUSED_FUNCTION = YES;
				GCC_WARN_UNUSED_VARIABLE = YES;
				IPHONEOS_DEPLOYMENT_TARGET = 10.2;
				MTL_ENABLE_DEBUG_INFO = YES;
				ONLY_ACTIVE_ARCH = YES;
				SDKROOT = iphoneos;
				SWIFT_ACTIVE_COMPILATION_CONDITIONS = DEBUG;
				SWIFT_OPTIMIZATION_LEVEL = "-Onone";
				TARGETED_DEVICE_FAMILY = "1,2";
			};
			name = Debug;
		};
		3EDC8DC91F77A08000D0670D /* Release */ = {
			isa = XCBuildConfiguration;
			buildSettings = {
				ALWAYS_SEARCH_USER_PATHS = NO;
				CLANG_ANALYZER_NONNULL = YES;
				CLANG_CXX_LANGUAGE_STANDARD = "gnu++0x";
				CLANG_CXX_LIBRARY = "libc++";
				CLANG_ENABLE_MODULES = YES;
				CLANG_ENABLE_OBJC_ARC = YES;
				CLANG_WARN_BOOL_CONVERSION = YES;
				CLANG_WARN_CONSTANT_CONVERSION = YES;
				CLANG_WARN_DIRECT_OBJC_ISA_USAGE = YES_ERROR;
				CLANG_WARN_DOCUMENTATION_COMMENTS = YES;
				CLANG_WARN_EMPTY_BODY = YES;
				CLANG_WARN_ENUM_CONVERSION = YES;
				CLANG_WARN_INFINITE_RECURSION = YES;
				CLANG_WARN_INT_CONVERSION = YES;
				CLANG_WARN_OBJC_ROOT_CLASS = YES_ERROR;
				CLANG_WARN_SUSPICIOUS_MOVE = YES;
				CLANG_WARN_UNREACHABLE_CODE = YES;
				CLANG_WARN__DUPLICATE_METHOD_MATCH = YES;
				"CODE_SIGN_IDENTITY[sdk=iphoneos*]" = "iPhone Developer";
				COPY_PHASE_STRIP = NO;
				DEBUG_INFORMATION_FORMAT = "dwarf-with-dsym";
				ENABLE_NS_ASSERTIONS = NO;
				ENABLE_STRICT_OBJC_MSGSEND = YES;
				GCC_C_LANGUAGE_STANDARD = gnu99;
				GCC_NO_COMMON_BLOCKS = YES;
				GCC_WARN_64_TO_32_BIT_CONVERSION = YES;
				GCC_WARN_ABOUT_RETURN_TYPE = YES_ERROR;
				GCC_WARN_UNDECLARED_SELECTOR = YES;
				GCC_WARN_UNINITIALIZED_AUTOS = YES_AGGRESSIVE;
				GCC_WARN_UNUSED_FUNCTION = YES;
				GCC_WARN_UNUSED_VARIABLE = YES;
				IPHONEOS_DEPLOYMENT_TARGET = 10.2;
				MTL_ENABLE_DEBUG_INFO = NO;
				SDKROOT = iphoneos;
				SWIFT_OPTIMIZATION_LEVEL = "-Owholemodule";
				TARGETED_DEVICE_FAMILY = "1,2";
				VALIDATE_PRODUCT = YES;
			};
			name = Release;
		};
		3EDC8DCB1F77A08000D0670D /* Debug */ = {
			isa = XCBuildConfiguration;
			buildSettings = {
				ASSETCATALOG_COMPILER_APPICON_NAME = AppIcon;
				INFOPLIST_FILE = Cal/Info.plist;
				LD_RUNPATH_SEARCH_PATHS = "$(inherited) @executable_path/Frameworks";
				PRODUCT_BUNDLE_IDENTIFIER = Yejin.Cal;
				PRODUCT_NAME = "$(TARGET_NAME)";
				SWIFT_VERSION = 3.0;
			};
			name = Debug;
		};
		3EDC8DCC1F77A08000D0670D /* Release */ = {
			isa = XCBuildConfiguration;
			buildSettings = {
				ASSETCATALOG_COMPILER_APPICON_NAME = AppIcon;
				INFOPLIST_FILE = Cal/Info.plist;
				LD_RUNPATH_SEARCH_PATHS = "$(inherited) @executable_path/Frameworks";
				PRODUCT_BUNDLE_IDENTIFIER = Yejin.Cal;
				PRODUCT_NAME = "$(TARGET_NAME)";
				SWIFT_VERSION = 3.0;
			};
			name = Release;
		};
/* End XCBuildConfiguration section */

/* Begin XCConfigurationList section */
		3EDC8DB31F77A07F00D0670D /* Build configuration list for PBXProject "Cal" */ = {
			isa = XCConfigurationList;
			buildConfigurations = (
				3EDC8DC81F77A08000D0670D /* Debug */,
				3EDC8DC91F77A08000D0670D /* Release */,
			);
			defaultConfigurationIsVisible = 0;
			defaultConfigurationName = Release;
		};
		3EDC8DCA1F77A08000D0670D /* Build configuration list for PBXNativeTarget "Cal" */ = {
			isa = XCConfigurationList;
			buildConfigurations = (
				3EDC8DCB1F77A08000D0670D /* Debug */,
				3EDC8DCC1F77A08000D0670D /* Release */,
			);
			defaultConfigurationIsVisible = 0;
			defaultConfigurationName = Release;
		};
/* End XCConfigurationList section */
	};
	rootObject = 3EDC8DB01F77A07F00D0670D /* Project object */;
}
