// !$*UTF8*$!
{
	archiveVersion = 1;
	classes = {
	};
	objectVersion = 46;
	objects = {

/* Begin PBXBuildFile section */
		3E7BD18D1FA74D48001195A9 /* AppDelegate.swift in Sources */ = {isa = PBXBuildFile; fileRef = 3E7BD18C1FA74D48001195A9 /* AppDelegate.swift */; };
		3E7BD18F1FA74D48001195A9 /* ViewController.swift in Sources */ = {isa = PBXBuildFile; fileRef = 3E7BD18E1FA74D48001195A9 /* ViewController.swift */; };
		3E7BD1921FA74D48001195A9 /* Main.storyboard in Resources */ = {isa = PBXBuildFile; fileRef = 3E7BD1901FA74D48001195A9 /* Main.storyboard */; };
		3E7BD1941FA74D48001195A9 /* Assets.xcassets in Resources */ = {isa = PBXBuildFile; fileRef = 3E7BD1931FA74D48001195A9 /* Assets.xcassets */; };
		3E7BD1971FA74D48001195A9 /* LaunchScreen.storyboard in Resources */ = {isa = PBXBuildFile; fileRef = 3E7BD1951FA74D48001195A9 /* LaunchScreen.storyboard */; };
		3E7BD19F1FA74DA0001195A9 /* Line.swift in Sources */ = {isa = PBXBuildFile; fileRef = 3E7BD19E1FA74DA0001195A9 /* Line.swift */; };
		3E7BD1A11FA74FB5001195A9 /* DrawView.swift in Sources */ = {isa = PBXBuildFile; fileRef = 3E7BD1A01FA74FB5001195A9 /* DrawView.swift */; };
/* End PBXBuildFile section */

/* Begin PBXFileReference section */
		3E7BD1891FA74D48001195A9 /* TouchTracker.app */ = {isa = PBXFileReference; explicitFileType = wrapper.application; includeInIndex = 0; path = TouchTracker.app; sourceTree = BUILT_PRODUCTS_DIR; };
		3E7BD18C1FA74D48001195A9 /* AppDelegate.swift */ = {isa = PBXFileReference; lastKnownFileType = sourcecode.swift; path = AppDelegate.swift; sourceTree = "<group>"; };
		3E7BD18E1FA74D48001195A9 /* ViewController.swift */ = {isa = PBXFileReference; lastKnownFileType = sourcecode.swift; path = ViewController.swift; sourceTree = "<group>"; };
		3E7BD1911FA74D48001195A9 /* Base */ = {isa = PBXFileReference; lastKnownFileType = file.storyboard; name = Base; path = Base.lproj/Main.storyboard; sourceTree = "<group>"; };
		3E7BD1931FA74D48001195A9 /* Assets.xcassets */ = {isa = PBXFileReference; lastKnownFileType = folder.assetcatalog; path = Assets.xcassets; sourceTree = "<group>"; };
		3E7BD1961FA74D48001195A9 /* Base */ = {isa = PBXFileReference; lastKnownFileType = file.storyboard; name = Base; path = Base.lproj/LaunchScreen.storyboard; sourceTree = "<group>"; };
		3E7BD1981FA74D48001195A9 /* Info.plist */ = {isa = PBXFileReference; lastKnownFileType = text.plist.xml; path = Info.plist; sourceTree = "<group>"; };
		3E7BD19E1FA74DA0001195A9 /* Line.swift */ = {isa = PBXFileReference; fileEncoding = 4; lastKnownFileType = sourcecode.swift; path = Line.swift; sourceTree = "<group>"; };
		3E7BD1A01FA74FB5001195A9 /* DrawView.swift */ = {isa = PBXFileReference; fileEncoding = 4; lastKnownFileType = sourcecode.swift; path = DrawView.swift; sourceTree = "<group>"; };
/* End PBXFileReference section */

/* Begin PBXFrameworksBuildPhase section */
		3E7BD1861FA74D48001195A9 /* Frameworks */ = {
			isa = PBXFrameworksBuildPhase;
			buildActionMask = 2147483647;
			files = (
			);
			runOnlyForDeploymentPostprocessing = 0;
		};
/* End PBXFrameworksBuildPhase section */

/* Begin PBXGroup section */
		3E7BD1801FA74D48001195A9 = {
			isa = PBXGroup;
			children = (
				3E7BD18B1FA74D48001195A9 /* TouchTracker */,
				3E7BD18A1FA74D48001195A9 /* Products */,
			);
			sourceTree = "<group>";
		};
		3E7BD18A1FA74D48001195A9 /* Products */ = {
			isa = PBXGroup;
			children = (
				3E7BD1891FA74D48001195A9 /* TouchTracker.app */,
			);
			name = Products;
			sourceTree = "<group>";
		};
		3E7BD18B1FA74D48001195A9 /* TouchTracker */ = {
			isa = PBXGroup;
			children = (
				3E7BD18C1FA74D48001195A9 /* AppDelegate.swift */,
				3E7BD18E1FA74D48001195A9 /* ViewController.swift */,
				3E7BD19E1FA74DA0001195A9 /* Line.swift */,
				3E7BD1A01FA74FB5001195A9 /* DrawView.swift */,
				3E7BD1901FA74D48001195A9 /* Main.storyboard */,
				3E7BD1931FA74D48001195A9 /* Assets.xcassets */,
				3E7BD1951FA74D48001195A9 /* LaunchScreen.storyboard */,
				3E7BD1981FA74D48001195A9 /* Info.plist */,
			);
			path = TouchTracker;
			sourceTree = "<group>";
		};
/* End PBXGroup section */

/* Begin PBXNativeTarget section */
		3E7BD1881FA74D48001195A9 /* TouchTracker */ = {
			isa = PBXNativeTarget;
			buildConfigurationList = 3E7BD19B1FA74D48001195A9 /* Build configuration list for PBXNativeTarget "TouchTracker" */;
			buildPhases = (
				3E7BD1851FA74D48001195A9 /* Sources */,
				3E7BD1861FA74D48001195A9 /* Frameworks */,
				3E7BD1871FA74D48001195A9 /* Resources */,
			);
			buildRules = (
			);
			dependencies = (
			);
			name = TouchTracker;
			productName = TouchTracker;
			productReference = 3E7BD1891FA74D48001195A9 /* TouchTracker.app */;
			productType = "com.apple.product-type.application";
		};
/* End PBXNativeTarget section */

/* Begin PBXProject section */
		3E7BD1811FA74D48001195A9 /* Project object */ = {
			isa = PBXProject;
			attributes = {
				LastSwiftUpdateCheck = 0820;
				LastUpgradeCheck = 0820;
				ORGANIZATIONNAME = "Kim,Yejin";
				TargetAttributes = {
					3E7BD1881FA74D48001195A9 = {
						CreatedOnToolsVersion = 8.2.1;
						ProvisioningStyle = Automatic;
					};
				};
			};
			buildConfigurationList = 3E7BD1841FA74D48001195A9 /* Build configuration list for PBXProject "TouchTracker" */;
			compatibilityVersion = "Xcode 3.2";
			developmentRegion = English;
			hasScannedForEncodings = 0;
			knownRegions = (
				en,
				Base,
			);
			mainGroup = 3E7BD1801FA74D48001195A9;
			productRefGroup = 3E7BD18A1FA74D48001195A9 /* Products */;
			projectDirPath = "";
			projectRoot = "";
			targets = (
				3E7BD1881FA74D48001195A9 /* TouchTracker */,
			);
		};
/* End PBXProject section */

/* Begin PBXResourcesBuildPhase section */
		3E7BD1871FA74D48001195A9 /* Resources */ = {
			isa = PBXResourcesBuildPhase;
			buildActionMask = 2147483647;
			files = (
				3E7BD1971FA74D48001195A9 /* LaunchScreen.storyboard in Resources */,
				3E7BD1941FA74D48001195A9 /* Assets.xcassets in Resources */,
				3E7BD1921FA74D48001195A9 /* Main.storyboard in Resources */,
			);
			runOnlyForDeploymentPostprocessing = 0;
		};
/* End PBXResourcesBuildPhase section */

/* Begin PBXSourcesBuildPhase section */
		3E7BD1851FA74D48001195A9 /* Sources */ = {
			isa = PBXSourcesBuildPhase;
			buildActionMask = 2147483647;
			files = (
				3E7BD19F1FA74DA0001195A9 /* Line.swift in Sources */,
				3E7BD18F1FA74D48001195A9 /* ViewController.swift in Sources */,
				3E7BD1A11FA74FB5001195A9 /* DrawView.swift in Sources */,
				3E7BD18D1FA74D48001195A9 /* AppDelegate.swift in Sources */,
			);
			runOnlyForDeploymentPostprocessing = 0;
		};
/* End PBXSourcesBuildPhase section */

/* Begin PBXVariantGroup section */
		3E7BD1901FA74D48001195A9 /* Main.storyboard */ = {
			isa = PBXVariantGroup;
			children = (
				3E7BD1911FA74D48001195A9 /* Base */,
			);
			name = Main.storyboard;
			sourceTree = "<group>";
		};
		3E7BD1951FA74D48001195A9 /* LaunchScreen.storyboard */ = {
			isa = PBXVariantGroup;
			children = (
				3E7BD1961FA74D48001195A9 /* Base */,
			);
			name = LaunchScreen.storyboard;
			sourceTree = "<group>";
		};
/* End PBXVariantGroup section */

/* Begin XCBuildConfiguration section */
		3E7BD1991FA74D48001195A9 /* Debug */ = {
			isa = XCBuildConfiguration;
			buildSettings = {
				ALWAYS_SEARCH_USER_PATHS = NO;
				CLANG_ANALYZER_NONNULL = YES;
				CLANG_CXX_LANGUAGE_STANDARD = "gnu++0x";
				CLANG_CXX_LIBRARY = "libc++";
				CLANG_ENABLE_MODULES = YES;
				CLANG_ENABLE_OBJC_ARC = YES;
				CLANG_WARN_BOOL_CONVERSION = YES;
				CLANG_WARN_CONSTANT_CONVERSION = YES;
				CLANG_WARN_DIRECT_OBJC_ISA_USAGE = YES_ERROR;
				CLANG_WARN_DOCUMENTATION_COMMENTS = YES;
				CLANG_WARN_EMPTY_BODY = YES;
				CLANG_WARN_ENUM_CONVERSION = YES;
				CLANG_WARN_INFINITE_RECURSION = YES;
				CLANG_WARN_INT_CONVERSION = YES;
				CLANG_WARN_OBJC_ROOT_CLASS = YES_ERROR;
				CLANG_WARN_SUSPICIOUS_MOVE = YES;
				CLANG_WARN_UNREACHABLE_CODE = YES;
				CLANG_WARN__DUPLICATE_METHOD_MATCH = YES;
				"CODE_SIGN_IDENTITY[sdk=iphoneos*]" = "iPhone Developer";
				COPY_PHASE_STRIP = NO;
				DEBUG_INFORMATION_FORMAT = dwarf;
				ENABLE_STRICT_OBJC_MSGSEND = YES;
				ENABLE_TESTABILITY = YES;
				GCC_C_LANGUAGE_STANDARD = gnu99;
				GCC_DYNAMIC_NO_PIC = NO;
				GCC_NO_COMMON_BLOCKS = YES;
				GCC_OPTIMIZATION_LEVEL = 0;
				GCC_PREPROCESSOR_DEFINITIONS = (
					"DEBUG=1",
					"$(inherited)",
				);
				GCC_WARN_64_TO_32_BIT_CONVERSION = YES;
				GCC_WARN_ABOUT_RETURN_TYPE = YES_ERROR;
				GCC_WARN_UNDECLARED_SELECTOR = YES;
				GCC_WARN_UNINITIALIZED_AUTOS = YES_AGGRESSIVE;
				GCC_WARN_UNUSED_FUNCTION = YES;
				GCC_WARN_UNUSED_VARIABLE = YES;
				IPHONEOS_DEPLOYMENT_TARGET = 10.2;
				MTL_ENABLE_DEBUG_INFO = YES;
				ONLY_ACTIVE_ARCH = YES;
				SDKROOT = iphoneos;
				SWIFT_ACTIVE_COMPILATION_CONDITIONS = DEBUG;
				SWIFT_OPTIMIZATION_LEVEL = "-Onone";
				TARGETED_DEVICE_FAMILY = "1,2";
			};
			name = Debug;
		};
		3E7BD19A1FA74D48001195A9 /* Release */ = {
			isa = XCBuildConfiguration;
			buildSettings = {
				ALWAYS_SEARCH_USER_PATHS = NO;
				CLANG_ANALYZER_NONNULL = YES;
				CLANG_CXX_LANGUAGE_STANDARD = "gnu++0x";
				CLANG_CXX_LIBRARY = "libc++";
				CLANG_ENABLE_MODULES = YES;
				CLANG_ENABLE_OBJC_ARC = YES;
				CLANG_WARN_BOOL_CONVERSION = YES;
				CLANG_WARN_CONSTANT_CONVERSION = YES;
				CLANG_WARN_DIRECT_OBJC_ISA_USAGE = YES_ERROR;
				CLANG_WARN_DOCUMENTATION_COMMENTS = YES;
				CLANG_WARN_EMPTY_BODY = YES;
				CLANG_WARN_ENUM_CONVERSION = YES;
				CLANG_WARN_INFINITE_RECURSION = YES;
				CLANG_WARN_INT_CONVERSION = YES;
				CLANG_WARN_OBJC_ROOT_CLASS = YES_ERROR;
				CLANG_WARN_SUSPICIOUS_MOVE = YES;
				CLANG_WARN_UNREACHABLE_CODE = YES;
				CLANG_WARN__DUPLICATE_METHOD_MATCH = YES;
				"CODE_SIGN_IDENTITY[sdk=iphoneos*]" = "iPhone Developer";
				COPY_PHASE_STRIP = NO;
				DEBUG_INFORMATION_FORMAT = "dwarf-with-dsym";
				ENABLE_NS_ASSERTIONS = NO;
				ENABLE_STRICT_OBJC_MSGSEND = YES;
				GCC_C_LANGUAGE_STANDARD = gnu99;
				GCC_NO_COMMON_BLOCKS = YES;
				GCC_WARN_64_TO_32_BIT_CONVERSION = YES;
				GCC_WARN_ABOUT_RETURN_TYPE = YES_ERROR;
				GCC_WARN_UNDECLARED_SELECTOR = YES;
				GCC_WARN_UNINITIALIZED_AUTOS = YES_AGGRESSIVE;
				GCC_WARN_UNUSED_FUNCTION = YES;
				GCC_WARN_UNUSED_VARIABLE = YES;
				IPHONEOS_DEPLOYMENT_TARGET = 10.2;
				MTL_ENABLE_DEBUG_INFO = NO;
				SDKROOT = iphoneos;
				SWIFT_OPTIMIZATION_LEVEL = "-Owholemodule";
				TARGETED_DEVICE_FAMILY = "1,2";
				VALIDATE_PRODUCT = YES;
			};
			name = Release;
		};
		3E7BD19C1FA74D48001195A9 /* Debug */ = {
			isa = XCBuildConfiguration;
			buildSettings = {
				ASSETCATALOG_COMPILER_APPICON_NAME = AppIcon;
				INFOPLIST_FILE = TouchTracker/Info.plist;
				LD_RUNPATH_SEARCH_PATHS = "$(inherited) @executable_path/Frameworks";
				PRODUCT_BUNDLE_IDENTIFIER = com.example.TouchTracker;
				PRODUCT_NAME = "$(TARGET_NAME)";
				SWIFT_VERSION = 3.0;
			};
			name = Debug;
		};
		3E7BD19D1FA74D48001195A9 /* Release */ = {
			isa = XCBuildConfiguration;
			buildSettings = {
				ASSETCATALOG_COMPILER_APPICON_NAME = AppIcon;
				INFOPLIST_FILE = TouchTracker/Info.plist;
				LD_RUNPATH_SEARCH_PATHS = "$(inherited) @executable_path/Frameworks";
				PRODUCT_BUNDLE_IDENTIFIER = com.example.TouchTracker;
				PRODUCT_NAME = "$(TARGET_NAME)";
				SWIFT_VERSION = 3.0;
			};
			name = Release;
		};
/* End XCBuildConfiguration section */

/* Begin XCConfigurationList section */
		3E7BD1841FA74D48001195A9 /* Build configuration list for PBXProject "TouchTracker" */ = {
			isa = XCConfigurationList;
			buildConfigurations = (
				3E7BD1991FA74D48001195A9 /* Debug */,
				3E7BD19A1FA74D48001195A9 /* Release */,
			);
			defaultConfigurationIsVisible = 0;
			defaultConfigurationName = Release;
		};
		3E7BD19B1FA74D48001195A9 /* Build configuration list for PBXNativeTarget "TouchTracker" */ = {
			isa = XCConfigurationList;
			buildConfigurations = (
				3E7BD19C1FA74D48001195A9 /* Debug */,
				3E7BD19D1FA74D48001195A9 /* Release */,
			);
			defaultConfigurationIsVisible = 0;
		};
/* End XCConfigurationList section */
	};
	rootObject = 3E7BD1811FA74D48001195A9 /* Project object */;
}
